
Microsoft Visual Studio Solution File, Format Version 12.00
# Visual Studio Version 17
VisualStudioVersion = 17.11.35219.272
MinimumVisualStudioVersion = 10.0.40219.1
Project("{FAE04EC0-301F-11D3-BF4B-00C04F79EFBC}") = "Order_Search_Arr", "Order_Search_Arr\Order_Search_Arr.csproj", "{8B287013-067E-4802-888B-7DC7003BB725}"
EndProject
Global
	GlobalSection(SolutionConfigurationPlatforms) = preSolution
		Debug|Any CPU = Debug|Any CPU
		Release|Any CPU = Release|Any CPU
	EndGlobalSection
	GlobalSection(ProjectConfigurationPlatforms) = postSolution
		{8B287013-067E-4802-888B-7DC7003BB725}.Debug|Any CPU.ActiveCfg = Debug|Any CPU
		{8B287013-067E-4802-888B-7DC7003BB725}.Debug|Any CPU.Build.0 = Debug|Any CPU
		{8B287013-067E-4802-888B-7DC7003BB725}.Release|Any CPU.ActiveCfg = Release|Any CPU
		{8B287013-067E-4802-888B-7DC7003BB725}.Release|Any CPU.Build.0 = Release|Any CPU
	EndGlobalSection
	GlobalSection(SolutionProperties) = preSolution
		HideSolutionNode = FALSE
	EndGlobalSection
	GlobalSection(ExtensibilityGlobals) = postSolution
		SolutionGuid = {8E217C14-88FB-4282-A8DE-A6514E7253BE}
	EndGlobalSection
EndGlobal
